PODS:
  - libavif/core (0.11.1)
  - libavif/libdav1d (0.11.1):
    - libavif/core
    - libdav1d (>= 0.6.0)
  - libavif/librav1e (0.11.1):
    - libavif/core
    - librav1e (>= 0.3.0)
  - libbpg (0.9.8)
  - libdav1d (1.2.0)
  - libde265 (1.0.15)
  - libflif (0.3):
    - libpng
  - libheif/libde265 (1.16.2):
    - libde265 (>= 1.0.9-beta)
    - libheif/libheif
  - libheif/libheif (1.16.2)
  - libheif/libx265 (1.16.2):
    - libheif/libheif
    - libx265
  - libpng (1.6.35)
  - librav1e (0.7.0)
  - libwebp (1.3.2):
    - libwebp/demux (= 1.3.2)
    - libwebp/mux (= 1.3.2)
    - libwebp/sharpyuv (= 1.3.2)
    - libwebp/webp (= 1.3.2)
  - libwebp/demux (1.3.2):
    - libwebp/webp
  - libwebp/mux (1.3.2):
    - libwebp/demux
  - libwebp/sharpyuv (1.3.2)
  - libwebp/webp (1.3.2):
    - libwebp/sharpyuv
  - libx265 (3.0):
    - libx265/common (= 3.0)
    - libx265/core (= 3.0)
    - libx265/encoder (= 3.0)
    - libx265/input (= 3.0)
    - libx265/output (= 3.0)
    - libx265/x265 (= 3.0)
  - libx265/common (3.0):
    - libx265/core
  - libx265/core (3.0)
  - libx265/encoder (3.0):
    - libx265/output
  - libx265/input (3.0):
    - libx265/common
  - libx265/output (3.0):
    - libx265/input
  - libx265/x265 (3.0):
    - libx265/common
    - libx265/core
    - libx265/encoder
    - libx265/input
    - libx265/output
  - SDWebImage (5.19.1):
    - SDWebImage/Core (= 5.19.1)
  - SDWebImage/Core (5.19.1)
  - SDWebImageAVIFCoder (0.11.0):
    - libavif/core (>= 0.11.0)
    - SDWebImage (~> 5.10)
  - SDWebImageBPGCoder/bpgenc (0.7.1):
    - libx265
    - SDWebImage/Core (~> 5.10)
    - SDWebImageBPGCoder/libbpg
  - SDWebImageBPGCoder/libbpg (0.7.1):
    - libbpg
    - SDWebImage/Core (~> 5.10)
  - SDWebImageFLIFCoder (0.4.0):
    - libflif
    - SDWebImage/Core (~> 5.10)
  - SDWebImageHEIFCoder/libde265 (0.10.1):
    - libheif/libde265
    - SDWebImage/Core (~> 5.10)
    - SDWebImageHEIFCoder/libheif
  - SDWebImageHEIFCoder/libheif (0.10.1):
    - libheif/libheif (>= 1.6.0)
    - SDWebImage/Core (~> 5.10)
  - SDWebImageHEIFCoder/libx265 (0.10.1):
    - libheif/libx265
    - SDWebImage/Core (~> 5.10)
    - SDWebImageHEIFCoder/libheif
  - SDWebImageWebPCoder (0.14.6):
    - libwebp (~> 1.0)
    - SDWebImage/Core (~> 5.17)

DEPENDENCIES:
  - libavif/libdav1d
  - libavif/librav1e
  - librav1e (~> 0.7.0)
  - SDWebImage
  - SDWebImageAVIFCoder
  - SDWebImageBPGCoder/bpgenc
  - SDWebImageBPGCoder/libbpg
  - SDWebImageFLIFCoder
  - SDWebImageHEIFCoder/libde265
  - SDWebImageHEIFCoder/libx265
  - SDWebImageWebPCoder

SPEC REPOS:
  trunk:
    - libavif
    - libbpg
    - libdav1d
    - libde265
    - libflif
    - libheif
    - libpng
    - librav1e
    - libwebp
    - libx265
    - SDWebImage
    - SDWebImageAVIFCoder
    - SDWebImageBPGCoder
    - SDWebImageFLIFCoder
    - SDWebImageHEIFCoder
    - SDWebImageWebPCoder

SPEC CHECKSUMS:
  libavif: 84bbb62fb232c3018d6f1bab79beea87e35de7b7
  libbpg: 0d5101762d34398ef336a0c79f4ad3f84b1417c1
  libdav1d: 23581a4d8ec811ff171ed5e2e05cd27bad64c39f
  libde265: 74202c59cebd1e5d0883e8a52956c1aba5f10c09
  libflif: 3cd667f03edea266d62ef175347614fc547dcaf8
  libheif: 7c16f445f58beed74c60d89cca4b600c208848a7
  libpng: c490b0523e94f78697f83ad434fbaf715050e15b
  librav1e: 036a5effbee451756ca2c76eb1d0ae71e8994bf3
  libwebp: 1786c9f4ff8a279e4dac1e8f385004d5fc253009
  libx265: 23ab716aae3eff1e6b68b3db6ace8883867691c4
  SDWebImage: 40b0b4053e36c660a764958bff99eed16610acbb
  SDWebImageAVIFCoder: 00310d246aab3232ce77f1d8f0076f8c4b021d90
  SDWebImageBPGCoder: a3fe59351998d81ab0d241ab771c6ddea394c131
  SDWebImageFLIFCoder: 1d85f3809218371b916f58a25a0d081ab3b98423
  SDWebImageHEIFCoder: 7743027f7a7a0437806abf3b0e1fda0915832daa
  SDWebImageWebPCoder: e38c0a70396191361d60c092933e22c20d5b1380

PODFILE CHECKSUM: b013ff09c468b320ae68fbae00b917a582c9be56

COCOAPODS: 1.15.2
